{
  "name": "rustywind",
  "version": "0.25.1",
  "lockfileVersion": 3,
  "requires": true,
  "packages": {
    "": {
      "name": "rustywind",
      "version": "0.25.1",
      "hasInstallScript": true,
      "license": "MIT",
      "dependencies": {
        "detect-libc": "^2.0.3"
      },
      "bin": {
        "rustywind": "bin/rustywind"
      },
      "optionalDependencies": {
        "rustywind-darwin-arm64": "0.25.1",
        "rustywind-darwin-x64": "0.25.1",
        "rustywind-linux-arm-gnueabihf": "0.25.1",
        "rustywind-linux-arm64-gnu": "0.25.1",
        "rustywind-linux-arm64-musl": "0.25.1",
        "rustywind-linux-x64-musl": "0.25.1",
        "rustywind-win32-ia32-msvc": "0.25.1",
        "rustywind-win32-x64-msvc": "0.25.1"
      }
    },
    "node_modules/detect-libc": {
      "version": "2.1.2",
      "resolved": "https://registry.npmjs.org/detect-libc/-/detect-libc-2.1.2.tgz",
      "integrity": "sha512-Btj2BOOO83o3WyH59e8MgXsxEQVcarkUOpEYrubB0urwnN10yQ364rsiByU11nZlqWYZm05i/of7io4mzihBtQ==",
      "license": "Apache-2.0",
      "engines": {
        "node": ">=8"
      }
    },
    "node_modules/rustywind-darwin-arm64": {
      "version": "0.25.1",
      "resolved": "https://registry.npmjs.org/rustywind-darwin-arm64/-/rustywind-darwin-arm64-0.25.1.tgz",
      "integrity": "sha512-/xsvEzOnYg965uHRKcDIttsmWgsxctJdtLoNsKega1lKCxE6aoH7/Sgxcfb1Xp/4SsxfNoFYj3K+oR7oxIRNQg==",
      "cpu": [
        "arm64"
      ],
      "license": "MIT",
      "optional": true,
      "os": [
        "darwin"
      ]
    },
    "node_modules/rustywind-darwin-x64": {
      "version": "0.25.1",
      "resolved": "https://registry.npmjs.org/rustywind-darwin-x64/-/rustywind-darwin-x64-0.25.1.tgz",
      "integrity": "sha512-SYkEkO4QxckCXH57zLL3pa8Jp/qSNGFo7Kqsfr8Etj55LnF81+gWoKJGkUsqxtdt0p7uiYT04SYh2lFu2SG9Tg==",
      "cpu": [
        "x64"
      ],
      "license": "MIT",
      "optional": true,
      "os": [
        "darwin"
      ]
    },
    "node_modules/rustywind-linux-arm-gnueabihf": {
      "version": "0.25.1",
      "resolved": "https://registry.npmjs.org/rustywind-linux-arm-gnueabihf/-/rustywind-linux-arm-gnueabihf-0.25.1.tgz",
      "integrity": "sha512-CUzwHrq7Q5Om7kRnIN8Bs7fUvOPMcS+PmlF7zSgKGcQ/KbzJw2dLjj2ttODSDVrdxlMmz77Vrx5/Rzc7eSt9Ag==",
      "cpu": [
        "arm"
      ],
      "license": "MIT",
      "optional": true,
      "os": [
        "linux"
      ]
    },
    "node_modules/rustywind-linux-arm64-gnu": {
      "version": "0.25.1",
      "resolved": "https://registry.npmjs.org/rustywind-linux-arm64-gnu/-/rustywind-linux-arm64-gnu-0.25.1.tgz",
      "integrity": "sha512-nrJf3b+SfHuuDVQPWiFRx/ISDQUAbeNb7e5Tz4ePVpB2s5rtv20QB3ZQedelsstOG7y5IRthiKYSk4QaC8iAVA==",
      "cpu": [
        "arm64"
      ],
      "license": "MIT",
      "optional": true,
      "os": [
        "linux"
      ]
    },
    "node_modules/rustywind-linux-arm64-musl": {
      "version": "0.25.1",
      "resolved": "https://registry.npmjs.org/rustywind-linux-arm64-musl/-/rustywind-linux-arm64-musl-0.25.1.tgz",
      "integrity": "sha512-LEQkFLSqcebYnvCrLb20NAb4kwJ6z5MYDJ+01qylqqB3PtTo5nOeFi0nBmSC01JK8XGlWI4IQUyc3GhtHAhEYg==",
      "cpu": [
        "arm64"
      ],
      "license": "MIT",
      "optional": true,
      "os": [
        "linux"
      ]
    },
    "node_modules/rustywind-linux-x64-musl": {
      "version": "0.25.1",
      "resolved": "https://registry.npmjs.org/rustywind-linux-x64-musl/-/rustywind-linux-x64-musl-0.25.1.tgz",
      "integrity": "sha512-MLRDLDahXfLkdJO0RovIXdOVDmoz76a1duInJNiAJdgZPEXmL2JqGAWfdxmz2WP7EUpBNBVvUjSuWajFNEFy+g==",
      "cpu": [
        "x64"
      ],
      "license": "MIT",
      "optional": true,
      "os": [
        "linux"
      ]
    },
    "node_modules/rustywind-win32-ia32-msvc": {
      "version": "0.25.1",
      "resolved": "https://registry.npmjs.org/rustywind-win32-ia32-msvc/-/rustywind-win32-ia32-msvc-0.25.1.tgz",
      "integrity": "sha512-QvtnIY4ZPDXO+cSmTV/tw4nu+dHdcqT0a3N5u2cW2VS5iytlQ3K1KU7ihVAJV8kVF+GUEHV4JWeZ2sImd/ArTg==",
      "cpu": [
        "ia32"
      ],
      "license": "MIT",
      "optional": true,
      "os": [
        "win32"
      ]
    },
    "node_modules/rustywind-win32-x64-msvc": {
      "version": "0.25.1",
      "resolved": "https://registry.npmjs.org/rustywind-win32-x64-msvc/-/rustywind-win32-x64-msvc-0.25.1.tgz",
      "integrity": "sha512-DsmNvlthHHFNuimIEKhSpWOdMrhVWiPWvR+5rND54KZCEpIG1qQzwxsBSa4MtPq/ZfqvfcKTa8M6mCj9NunRDw==",
      "cpu": [
        "x64"
      ],
      "license": "MIT",
      "optional": true,
      "os": [
        "win32"
      ]
    }
  }
}
