{
  "name": "rustywind",
  "version": "0.25.0-rc.1",
  "lockfileVersion": 3,
  "requires": true,
  "packages": {
    "": {
      "name": "rustywind",
      "version": "0.25.0-rc.1",
      "hasInstallScript": true,
      "license": "MIT",
      "dependencies": {
        "detect-libc": "^2.0.3"
      },
      "bin": {
        "rustywind": "bin/rustywind"
      },
      "optionalDependencies": {
        "rustywind-darwin-arm64": "0.25.0-rc.1",
        "rustywind-darwin-x64": "0.25.0-rc.1",
        "rustywind-linux-arm-gnueabihf": "0.25.0-rc.1",
        "rustywind-linux-arm64-gnu": "0.25.0-rc.1",
        "rustywind-linux-arm64-musl": "0.25.0-rc.1",
        "rustywind-linux-x64-musl": "0.25.0-rc.1",
        "rustywind-win32-ia32-msvc": "0.25.0-rc.1",
        "rustywind-win32-x64-msvc": "0.25.0-rc.1"
      }
    },
    "node_modules/detect-libc": {
      "version": "2.1.2",
      "resolved": "https://registry.npmjs.org/detect-libc/-/detect-libc-2.1.2.tgz",
      "integrity": "sha512-Btj2BOOO83o3WyH59e8MgXsxEQVcarkUOpEYrubB0urwnN10yQ364rsiByU11nZlqWYZm05i/of7io4mzihBtQ==",
      "license": "Apache-2.0",
      "engines": {
        "node": ">=8"
      }
    }
  }
}
