{
  "name": "rustywind",
  "version": "0.25.0",
  "lockfileVersion": 3,
  "requires": true,
  "packages": {
    "": {
      "name": "rustywind",
      "version": "0.25.0",
      "hasInstallScript": true,
      "license": "MIT",
      "dependencies": {
        "detect-libc": "^2.0.3"
      },
      "bin": {
        "rustywind": "bin/rustywind"
      },
      "optionalDependencies": {
        "rustywind-darwin-arm64": "0.25.0",
        "rustywind-darwin-x64": "0.25.0",
        "rustywind-linux-arm-gnueabihf": "0.25.0",
        "rustywind-linux-arm64-gnu": "0.25.0",
        "rustywind-linux-arm64-musl": "0.25.0",
        "rustywind-linux-x64-musl": "0.25.0",
        "rustywind-win32-ia32-msvc": "0.25.0",
        "rustywind-win32-x64-msvc": "0.25.0"
      }
    },
    "node_modules/detect-libc": {
      "version": "2.1.2",
      "resolved": "https://registry.npmjs.org/detect-libc/-/detect-libc-2.1.2.tgz",
      "integrity": "sha512-Btj2BOOO83o3WyH59e8MgXsxEQVcarkUOpEYrubB0urwnN10yQ364rsiByU11nZlqWYZm05i/of7io4mzihBtQ==",
      "license": "Apache-2.0",
      "engines": {
        "node": ">=8"
      }
    },
    "node_modules/rustywind-darwin-arm64": {
      "version": "0.25.0",
      "resolved": "https://registry.npmjs.org/rustywind-darwin-arm64/-/rustywind-darwin-arm64-0.25.0.tgz",
      "integrity": "sha512-JOUrkVoJp3vZEFiacflIuBObeJjj0tD214DzSUr9juJyqFhd8uYRwBkomQBD5igcrVg9h2JM4dzyOG6sDm/Xow==",
      "cpu": [
        "arm64"
      ],
      "license": "MIT",
      "optional": true,
      "os": [
        "darwin"
      ]
    },
    "node_modules/rustywind-darwin-x64": {
      "version": "0.25.0",
      "resolved": "https://registry.npmjs.org/rustywind-darwin-x64/-/rustywind-darwin-x64-0.25.0.tgz",
      "integrity": "sha512-LER+yBX5ThsLhHiIY7rHhxc/XantmQ8+QwE6y0EgtWTzYalrL5lPicxcIxHK8AAKnDscAatJlmhAGGoR+esTFg==",
      "cpu": [
        "x64"
      ],
      "license": "MIT",
      "optional": true,
      "os": [
        "darwin"
      ]
    },
    "node_modules/rustywind-linux-arm-gnueabihf": {
      "version": "0.25.0",
      "resolved": "https://registry.npmjs.org/rustywind-linux-arm-gnueabihf/-/rustywind-linux-arm-gnueabihf-0.25.0.tgz",
      "integrity": "sha512-jDCY77HfrITCjhg1BEwK0PM0mjLtRywzzDG4HW47QTxZgWiRR/bZfh9cShEtuvMwMZtXdINtkByFi+Z2Ve9zHA==",
      "cpu": [
        "arm"
      ],
      "license": "MIT",
      "optional": true,
      "os": [
        "linux"
      ]
    },
    "node_modules/rustywind-linux-arm64-gnu": {
      "version": "0.25.0",
      "resolved": "https://registry.npmjs.org/rustywind-linux-arm64-gnu/-/rustywind-linux-arm64-gnu-0.25.0.tgz",
      "integrity": "sha512-Qmg8tJm2LYcran5Ojd++vGk85cECZNjem1ndL4UqKPm3d2h7FxAqGn1z1CsvEeSEUUvXz+rdVcl7ICoQfea1hw==",
      "cpu": [
        "arm64"
      ],
      "license": "MIT",
      "optional": true,
      "os": [
        "linux"
      ]
    },
    "node_modules/rustywind-linux-arm64-musl": {
      "version": "0.25.0",
      "resolved": "https://registry.npmjs.org/rustywind-linux-arm64-musl/-/rustywind-linux-arm64-musl-0.25.0.tgz",
      "integrity": "sha512-xwXu0XDxdVGrg2tQt9EhQn87V5PM9ZUKV3oc9ff385+vrqfRyOJSkeGALXyrRO7Ou3uPk8dK+4Ofm/pXkbtr1Q==",
      "cpu": [
        "arm64"
      ],
      "libc": [
        "musl"
      ],
      "license": "MIT",
      "optional": true,
      "os": [
        "linux"
      ]
    },
    "node_modules/rustywind-linux-x64-musl": {
      "version": "0.25.0",
      "resolved": "https://registry.npmjs.org/rustywind-linux-x64-musl/-/rustywind-linux-x64-musl-0.25.0.tgz",
      "integrity": "sha512-8RSkrfyvXuw+c+i6xMZc2Q2CvNwQn+uYBbQqDv3nkmGeWw6wnIqmLOuhPeeOyyG+w9WI+A+hGuo3yU5jOjwKmQ==",
      "cpu": [
        "x64"
      ],
      "license": "MIT",
      "optional": true,
      "os": [
        "linux"
      ]
    },
    "node_modules/rustywind-win32-ia32-msvc": {
      "version": "0.25.0",
      "resolved": "https://registry.npmjs.org/rustywind-win32-ia32-msvc/-/rustywind-win32-ia32-msvc-0.25.0.tgz",
      "integrity": "sha512-G3/XvcpOBfF42kPWlDLLqa1fa9zRuZfIr7uk4d5Nlom8yngi+5Xedz4lZ7INqs0g2H0YxKokdo9lWW9O2cBlyg==",
      "cpu": [
        "ia32"
      ],
      "license": "MIT",
      "optional": true,
      "os": [
        "win32"
      ]
    }
  }
}
